
Microsoft Visual Studio Solution File, Format Version 12.00
# Visual Studio Version 17
VisualStudioVersion = 17.13.35818.85 d17.13
MinimumVisualStudioVersion = 10.0.40219.1
Project("{FAE04EC0-301F-11D3-BF4B-00C04F79EFBC}") = "Atividade01", "Atividade01\Atividade01.csproj", "{2CF7007E-89A9-4884-A317-90081F23F497}"
EndProject
Project("{FAE04EC0-301F-11D3-BF4B-00C04F79EFBC}") = "Atividade02", "Atividade02\Atividade02.csproj", "{EC2982FD-92F2-4026-9E81-78B5C05CFA66}"
EndProject
Global
	GlobalSection(SolutionConfigurationPlatforms) = preSolution
		Debug|Any CPU = Debug|Any CPU
		Release|Any CPU = Release|Any CPU
	EndGlobalSection
	GlobalSection(ProjectConfigurationPlatforms) = postSolution
		{2CF7007E-89A9-4884-A317-90081F23F497}.Debug|Any CPU.ActiveCfg = Debug|Any CPU
		{2CF7007E-89A9-4884-A317-90081F23F497}.Debug|Any CPU.Build.0 = Debug|Any CPU
		{2CF7007E-89A9-4884-A317-90081F23F497}.Release|Any CPU.ActiveCfg = Release|Any CPU
		{2CF7007E-89A9-4884-A317-90081F23F497}.Release|Any CPU.Build.0 = Release|Any CPU
		{EC2982FD-92F2-4026-9E81-78B5C05CFA66}.Debug|Any CPU.ActiveCfg = Debug|Any CPU
		{EC2982FD-92F2-4026-9E81-78B5C05CFA66}.Debug|Any CPU.Build.0 = Debug|Any CPU
		{EC2982FD-92F2-4026-9E81-78B5C05CFA66}.Release|Any CPU.ActiveCfg = Release|Any CPU
		{EC2982FD-92F2-4026-9E81-78B5C05CFA66}.Release|Any CPU.Build.0 = Release|Any CPU
	EndGlobalSection
	GlobalSection(SolutionProperties) = preSolution
		HideSolutionNode = FALSE
	EndGlobalSection
	GlobalSection(ExtensibilityGlobals) = postSolution
		SolutionGuid = {D4AC1DE3-159D-45AC-836B-F4A97CB83308}
	EndGlobalSection
EndGlobal
